
Microsoft Visual Studio Solution File, Format Version 12.00
# Visual Studio Version 17
VisualStudioVersion = 17.14.36811.4
MinimumVisualStudioVersion = 10.0.40219.1
Project("{8BC9CEB8-8B4A-11D0-8D11-00A0C91BC942}") = "01.cmdProject001", "cmdProject001\cmdProject001.vcxproj", "{901A6F0A-D424-4E93-962A-D98AE270B5D5}"
EndProject
Project("{8BC9CEB8-8B4A-11D0-8D11-00A0C91BC942}") = "00.cmdComm", "cmdComm\cmdComm.vcxitems", "{37010DDD-36F8-4F0F-94DE-E5797CAAA364}"
EndProject
Project("{8BC9CEB8-8B4A-11D0-8D11-00A0C91BC942}") = "02.cmdPhong", "cmdPhong\cmdPhong.vcxproj", "{11AA22F9-14E9-4FC9-9384-5DF15532F33B}"
EndProject
Project("{8BC9CEB8-8B4A-11D0-8D11-00A0C91BC942}") = "03.cmdBroken", "cmdBroken\cmdBroken.vcxproj", "{3E5A195C-D4C7-4D59-86B1-D833359C113D}"
EndProject
Project("{8BC9CEB8-8B4A-11D0-8D11-00A0C91BC942}") = "04.cmdSnakeBite", "cmdSnakeBite\cmdSnakeBite.vcxproj", "{F5A14BB8-F100-4E7C-852F-CE26F8B0D3FB}"
EndProject
Project("{8BC9CEB8-8B4A-11D0-8D11-00A0C91BC942}") = "05.cmdDinoRun", "cmdDinoRun\cmdDinoRun.vcxproj", "{4163C4D5-1EED-445D-AE3A-2E832505E7BA}"
EndProject
Project("{8BC9CEB8-8B4A-11D0-8D11-00A0C91BC942}") = "06.cmdSokoban", "cmdSokoban\cmdSokoban.vcxproj", "{215237B3-4919-4AF7-8425-C0727D5FD770}"
EndProject
Project("{8BC9CEB8-8B4A-11D0-8D11-00A0C91BC942}") = "07.cmdTetris", "cmdTetris\cmdTetris.vcxproj", "{D1194252-3B6D-4780-BE29-46C0AF549F6F}"
EndProject
Global
	GlobalSection(SolutionConfigurationPlatforms) = preSolution
		Debug|x64 = Debug|x64
		Debug|x86 = Debug|x86
		Release|x64 = Release|x64
		Release|x86 = Release|x86
	EndGlobalSection
	GlobalSection(ProjectConfigurationPlatforms) = postSolution
		{901A6F0A-D424-4E93-962A-D98AE270B5D5}.Debug|x64.ActiveCfg = Debug|x64
		{901A6F0A-D424-4E93-962A-D98AE270B5D5}.Debug|x64.Build.0 = Debug|x64
		{901A6F0A-D424-4E93-962A-D98AE270B5D5}.Debug|x86.ActiveCfg = Debug|Win32
		{901A6F0A-D424-4E93-962A-D98AE270B5D5}.Debug|x86.Build.0 = Debug|Win32
		{901A6F0A-D424-4E93-962A-D98AE270B5D5}.Release|x64.ActiveCfg = Release|x64
		{901A6F0A-D424-4E93-962A-D98AE270B5D5}.Release|x64.Build.0 = Release|x64
		{901A6F0A-D424-4E93-962A-D98AE270B5D5}.Release|x86.ActiveCfg = Release|Win32
		{901A6F0A-D424-4E93-962A-D98AE270B5D5}.Release|x86.Build.0 = Release|Win32
		{11AA22F9-14E9-4FC9-9384-5DF15532F33B}.Debug|x64.ActiveCfg = Debug|x64
		{11AA22F9-14E9-4FC9-9384-5DF15532F33B}.Debug|x64.Build.0 = Debug|x64
		{11AA22F9-14E9-4FC9-9384-5DF15532F33B}.Debug|x86.ActiveCfg = Debug|Win32
		{11AA22F9-14E9-4FC9-9384-5DF15532F33B}.Debug|x86.Build.0 = Debug|Win32
		{11AA22F9-14E9-4FC9-9384-5DF15532F33B}.Release|x64.ActiveCfg = Release|x64
		{11AA22F9-14E9-4FC9-9384-5DF15532F33B}.Release|x64.Build.0 = Release|x64
		{11AA22F9-14E9-4FC9-9384-5DF15532F33B}.Release|x86.ActiveCfg = Release|Win32
		{11AA22F9-14E9-4FC9-9384-5DF15532F33B}.Release|x86.Build.0 = Release|Win32
		{3E5A195C-D4C7-4D59-86B1-D833359C113D}.Debug|x64.ActiveCfg = Debug|x64
		{3E5A195C-D4C7-4D59-86B1-D833359C113D}.Debug|x64.Build.0 = Debug|x64
		{3E5A195C-D4C7-4D59-86B1-D833359C113D}.Debug|x86.ActiveCfg = Debug|Win32
		{3E5A195C-D4C7-4D59-86B1-D833359C113D}.Debug|x86.Build.0 = Debug|Win32
		{3E5A195C-D4C7-4D59-86B1-D833359C113D}.Release|x64.ActiveCfg = Release|x64
		{3E5A195C-D4C7-4D59-86B1-D833359C113D}.Release|x64.Build.0 = Release|x64
		{3E5A195C-D4C7-4D59-86B1-D833359C113D}.Release|x86.ActiveCfg = Release|Win32
		{3E5A195C-D4C7-4D59-86B1-D833359C113D}.Release|x86.Build.0 = Release|Win32
		{F5A14BB8-F100-4E7C-852F-CE26F8B0D3FB}.Debug|x64.ActiveCfg = Debug|x64
		{F5A14BB8-F100-4E7C-852F-CE26F8B0D3FB}.Debug|x64.Build.0 = Debug|x64
		{F5A14BB8-F100-4E7C-852F-CE26F8B0D3FB}.Debug|x86.ActiveCfg = Debug|Win32
		{F5A14BB8-F100-4E7C-852F-CE26F8B0D3FB}.Debug|x86.Build.0 = Debug|Win32
		{F5A14BB8-F100-4E7C-852F-CE26F8B0D3FB}.Release|x64.ActiveCfg = Release|x64
		{F5A14BB8-F100-4E7C-852F-CE26F8B0D3FB}.Release|x64.Build.0 = Release|x64
		{F5A14BB8-F100-4E7C-852F-CE26F8B0D3FB}.Release|x86.ActiveCfg = Release|Win32
		{F5A14BB8-F100-4E7C-852F-CE26F8B0D3FB}.Release|x86.Build.0 = Release|Win32
		{4163C4D5-1EED-445D-AE3A-2E832505E7BA}.Debug|x64.ActiveCfg = Debug|x64
		{4163C4D5-1EED-445D-AE3A-2E832505E7BA}.Debug|x64.Build.0 = Debug|x64
		{4163C4D5-1EED-445D-AE3A-2E832505E7BA}.Debug|x86.ActiveCfg = Debug|Win32
		{4163C4D5-1EED-445D-AE3A-2E832505E7BA}.Debug|x86.Build.0 = Debug|Win32
		{4163C4D5-1EED-445D-AE3A-2E832505E7BA}.Release|x64.ActiveCfg = Release|x64
		{4163C4D5-1EED-445D-AE3A-2E832505E7BA}.Release|x64.Build.0 = Release|x64
		{4163C4D5-1EED-445D-AE3A-2E832505E7BA}.Release|x86.ActiveCfg = Release|Win32
		{4163C4D5-1EED-445D-AE3A-2E832505E7BA}.Release|x86.Build.0 = Release|Win32
		{215237B3-4919-4AF7-8425-C0727D5FD770}.Debug|x64.ActiveCfg = Debug|x64
		{215237B3-4919-4AF7-8425-C0727D5FD770}.Debug|x64.Build.0 = Debug|x64
		{215237B3-4919-4AF7-8425-C0727D5FD770}.Debug|x86.ActiveCfg = Debug|Win32
		{215237B3-4919-4AF7-8425-C0727D5FD770}.Debug|x86.Build.0 = Debug|Win32
		{215237B3-4919-4AF7-8425-C0727D5FD770}.Release|x64.ActiveCfg = Release|x64
		{215237B3-4919-4AF7-8425-C0727D5FD770}.Release|x64.Build.0 = Release|x64
		{215237B3-4919-4AF7-8425-C0727D5FD770}.Release|x86.ActiveCfg = Release|Win32
		{215237B3-4919-4AF7-8425-C0727D5FD770}.Release|x86.Build.0 = Release|Win32
		{D1194252-3B6D-4780-BE29-46C0AF549F6F}.Debug|x64.ActiveCfg = Debug|x64
		{D1194252-3B6D-4780-BE29-46C0AF549F6F}.Debug|x64.Build.0 = Debug|x64
		{D1194252-3B6D-4780-BE29-46C0AF549F6F}.Debug|x86.ActiveCfg = Debug|Win32
		{D1194252-3B6D-4780-BE29-46C0AF549F6F}.Debug|x86.Build.0 = Debug|Win32
		{D1194252-3B6D-4780-BE29-46C0AF549F6F}.Release|x64.ActiveCfg = Release|x64
		{D1194252-3B6D-4780-BE29-46C0AF549F6F}.Release|x64.Build.0 = Release|x64
		{D1194252-3B6D-4780-BE29-46C0AF549F6F}.Release|x86.ActiveCfg = Release|Win32
		{D1194252-3B6D-4780-BE29-46C0AF549F6F}.Release|x86.Build.0 = Release|Win32
	EndGlobalSection
	GlobalSection(SolutionProperties) = preSolution
		HideSolutionNode = FALSE
	EndGlobalSection
	GlobalSection(ExtensibilityGlobals) = postSolution
		SolutionGuid = {3B84B3A9-0D6D-43AF-B12F-BD0A41721FE0}
	EndGlobalSection
	GlobalSection(SharedMSBuildProjectFiles) = preSolution
		cmdComm\cmdComm.vcxitems*{11aa22f9-14e9-4fc9-9384-5df15532f33b}*SharedItemsImports = 4
		cmdComm\cmdComm.vcxitems*{215237b3-4919-4af7-8425-c0727d5fd770}*SharedItemsImports = 4
		cmdComm\cmdComm.vcxitems*{37010ddd-36f8-4f0f-94de-e5797caaa364}*SharedItemsImports = 9
		cmdComm\cmdComm.vcxitems*{3e5a195c-d4c7-4d59-86b1-d833359c113d}*SharedItemsImports = 4
		cmdComm\cmdComm.vcxitems*{4163c4d5-1eed-445d-ae3a-2e832505e7ba}*SharedItemsImports = 4
		cmdComm\cmdComm.vcxitems*{901a6f0a-d424-4e93-962a-d98ae270b5d5}*SharedItemsImports = 4
		cmdComm\cmdComm.vcxitems*{d1194252-3b6d-4780-be29-46c0af549f6f}*SharedItemsImports = 4
		cmdComm\cmdComm.vcxitems*{f5a14bb8-f100-4e7c-852f-ce26f8b0d3fb}*SharedItemsImports = 4
	EndGlobalSection
EndGlobal
