
Microsoft Visual Studio Solution File, Format Version 12.00
# Visual Studio Version 17
VisualStudioVersion = 17.14.36811.4
MinimumVisualStudioVersion = 10.0.40219.1
Project("{8BC9CEB8-8B4A-11D0-8D11-00A0C91BC942}") = "01.cmdProject001", "cmdProject001\cmdProject001.vcxproj", "{901A6F0A-D424-4E93-962A-D98AE270B5D5}"
EndProject
Project("{8BC9CEB8-8B4A-11D0-8D11-00A0C91BC942}") = "02.cmdPhong", "cmdPhong\cmdPhong.vcxproj", "{11AA22F9-14E9-4FC9-9384-5DF15532F33B}"
EndProject
Project("{8BC9CEB8-8B4A-11D0-8D11-00A0C91BC942}") = "03.cmdBroken", "cmdBroken\cmdBroken.vcxproj", "{3E5A195C-D4C7-4D59-86B1-D833359C113D}"
EndProject
Project("{8BC9CEB8-8B4A-11D0-8D11-00A0C91BC942}") = "04.cmdSnakeBite", "cmdSnakeBite\cmdSnakeBite.vcxproj", "{F5A14BB8-F100-4E7C-852F-CE26F8B0D3FB}"
EndProject
Project("{8BC9CEB8-8B4A-11D0-8D11-00A0C91BC942}") = "05.cmdDinoRun", "cmdDinoRun\cmdDinoRun.vcxproj", "{4163C4D5-1EED-445D-AE3A-2E832505E7BA}"
EndProject
Project("{8BC9CEB8-8B4A-11D0-8D11-00A0C91BC942}") = "06.cmdSokoban", "cmdSokoban\cmdSokoban.vcxproj", "{215237B3-4919-4AF7-8425-C0727D5FD770}"
EndProject
Project("{8BC9CEB8-8B4A-11D0-8D11-00A0C91BC942}") = "07.cmdTetris", "cmdTetris\cmdTetris.vcxproj", "{D1194252-3B6D-4780-BE29-46C0AF549F6F}"
EndProject
Project("{8BC9CEB8-8B4A-11D0-8D11-00A0C91BC942}") = "cmdTest", "cmd\cmd.vcxproj", "{51CEF176-3765-4826-8A61-00A34FFC5486}"
EndProject
Project("{8BC9CEB8-8B4A-11D0-8D11-00A0C91BC942}") = "cmdTest2", "cmdTest2\cmdTest2.vcxproj", "{9F2F3069-8DD3-47F8-BBF3-24F7A7FF91C8}"
EndProject
Project("{8BC9CEB8-8B4A-11D0-8D11-00A0C91BC942}") = "00_02_cmdUI", "00.cmdGameEngine\00_02_cmdUI\cmdUI.vcxitems", "{D993DE10-A6B7-4A86-94E5-4DDCEA32BE8E}"
EndProject
Project("{2150E333-8FDC-42A3-9474-1A3956D46DE8}") = "00_GameEngine", "00_GameEngine", "{C8D5274F-AC00-46C7-1F8D-E88E81087A52}"
EndProject
Project("{8BC9CEB8-8B4A-11D0-8D11-00A0C91BC942}") = "00_03_cmdUtil", "00.cmdGameEngine\00_03_cmdUtil\cmdUtil.vcxitems", "{3B0A19F6-E3E6-450C-B44E-DDFB172CB0EA}"
EndProject
Project("{8BC9CEB8-8B4A-11D0-8D11-00A0C91BC942}") = "fmodSound", "00.cmdGameEngine\fmodSound_Lib\fmodSound.vcxitems", "{C1B98606-B128-421F-8D3B-E1B022261627}"
EndProject
Project("{2150E333-8FDC-42A3-9474-1A3956D46DE8}") = "01_Example", "01_Example", "{7781621E-D8DD-4BD5-A09A-DEB8E5843FCD}"
EndProject
Project("{8BC9CEB8-8B4A-11D0-8D11-00A0C91BC942}") = "00_01_cmdCommon", "00.cmdGameEngine\00_01_cmdCommon\cmdCommon.vcxitems", "{17E666F0-4E07-4D72-9E07-04471333AC12}"
EndProject
Project("{8BC9CEB8-8B4A-11D0-8D11-00A0C91BC942}") = "01_02_Input_GameLoop_Exit", "01_cmdGameEngineExample\01_02_Input_GameLoop_Exit\01_02_Input_GameLoop_Exit.vcxproj", "{127339A3-940B-403A-AE16-12713EFFCB48}"
EndProject
Project("{8BC9CEB8-8B4A-11D0-8D11-00A0C91BC942}") = "01_03_Input_Mouse_Button", "01_cmdGameEngineExample\01_03_Input_Mouse_Button\01_03_Input_Mouse_Button.vcxproj", "{08D569F3-ADE3-4AF7-A0AE-29DFC4DE1E39}"
EndProject
Project("{8BC9CEB8-8B4A-11D0-8D11-00A0C91BC942}") = "01_01_GameLoop_ScreenBuffer", "01_cmdGameEngineExample\01_01_GameLoop_ScreenBuffer\01_01_GameLoop_ScreenBuffer.vcxproj", "{94514A31-1067-4FDA-915F-72EC657DC478}"
EndProject
Project("{8BC9CEB8-8B4A-11D0-8D11-00A0C91BC942}") = "01_05_Time_DeltaTime", "01_cmdGameEngineExample\01_05_Time_DeltaTime\01_05_Time_DeltaTime.vcxproj", "{07F7BA0D-E0F3-422E-B23D-E812F69AB973}"
EndProject
Project("{8BC9CEB8-8B4A-11D0-8D11-00A0C91BC942}") = "01_04_Time_FrameLimit", "01_cmdGameEngineExample\01_04_Time_FrameLimit\01_04_Time_FrameLimit.vcxproj", "{74675DCA-9E6F-44BA-BBAC-E12457397613}"
EndProject
Global
	GlobalSection(SolutionConfigurationPlatforms) = preSolution
		Debug|x64 = Debug|x64
		Debug|x86 = Debug|x86
		Release|x64 = Release|x64
		Release|x86 = Release|x86
	EndGlobalSection
	GlobalSection(ProjectConfigurationPlatforms) = postSolution
		{901A6F0A-D424-4E93-962A-D98AE270B5D5}.Debug|x64.ActiveCfg = Debug|x64
		{901A6F0A-D424-4E93-962A-D98AE270B5D5}.Debug|x64.Build.0 = Debug|x64
		{901A6F0A-D424-4E93-962A-D98AE270B5D5}.Debug|x86.ActiveCfg = Debug|Win32
		{901A6F0A-D424-4E93-962A-D98AE270B5D5}.Debug|x86.Build.0 = Debug|Win32
		{901A6F0A-D424-4E93-962A-D98AE270B5D5}.Release|x64.ActiveCfg = Release|x64
		{901A6F0A-D424-4E93-962A-D98AE270B5D5}.Release|x64.Build.0 = Release|x64
		{901A6F0A-D424-4E93-962A-D98AE270B5D5}.Release|x86.ActiveCfg = Release|Win32
		{901A6F0A-D424-4E93-962A-D98AE270B5D5}.Release|x86.Build.0 = Release|Win32
		{11AA22F9-14E9-4FC9-9384-5DF15532F33B}.Debug|x64.ActiveCfg = Debug|x64
		{11AA22F9-14E9-4FC9-9384-5DF15532F33B}.Debug|x64.Build.0 = Debug|x64
		{11AA22F9-14E9-4FC9-9384-5DF15532F33B}.Debug|x86.ActiveCfg = Debug|Win32
		{11AA22F9-14E9-4FC9-9384-5DF15532F33B}.Debug|x86.Build.0 = Debug|Win32
		{11AA22F9-14E9-4FC9-9384-5DF15532F33B}.Release|x64.ActiveCfg = Release|x64
		{11AA22F9-14E9-4FC9-9384-5DF15532F33B}.Release|x64.Build.0 = Release|x64
		{11AA22F9-14E9-4FC9-9384-5DF15532F33B}.Release|x86.ActiveCfg = Release|Win32
		{11AA22F9-14E9-4FC9-9384-5DF15532F33B}.Release|x86.Build.0 = Release|Win32
		{3E5A195C-D4C7-4D59-86B1-D833359C113D}.Debug|x64.ActiveCfg = Debug|x64
		{3E5A195C-D4C7-4D59-86B1-D833359C113D}.Debug|x64.Build.0 = Debug|x64
		{3E5A195C-D4C7-4D59-86B1-D833359C113D}.Debug|x86.ActiveCfg = Debug|Win32
		{3E5A195C-D4C7-4D59-86B1-D833359C113D}.Debug|x86.Build.0 = Debug|Win32
		{3E5A195C-D4C7-4D59-86B1-D833359C113D}.Release|x64.ActiveCfg = Release|x64
		{3E5A195C-D4C7-4D59-86B1-D833359C113D}.Release|x64.Build.0 = Release|x64
		{3E5A195C-D4C7-4D59-86B1-D833359C113D}.Release|x86.ActiveCfg = Release|Win32
		{3E5A195C-D4C7-4D59-86B1-D833359C113D}.Release|x86.Build.0 = Release|Win32
		{F5A14BB8-F100-4E7C-852F-CE26F8B0D3FB}.Debug|x64.ActiveCfg = Debug|x64
		{F5A14BB8-F100-4E7C-852F-CE26F8B0D3FB}.Debug|x64.Build.0 = Debug|x64
		{F5A14BB8-F100-4E7C-852F-CE26F8B0D3FB}.Debug|x86.ActiveCfg = Debug|Win32
		{F5A14BB8-F100-4E7C-852F-CE26F8B0D3FB}.Debug|x86.Build.0 = Debug|Win32
		{F5A14BB8-F100-4E7C-852F-CE26F8B0D3FB}.Release|x64.ActiveCfg = Release|x64
		{F5A14BB8-F100-4E7C-852F-CE26F8B0D3FB}.Release|x64.Build.0 = Release|x64
		{F5A14BB8-F100-4E7C-852F-CE26F8B0D3FB}.Release|x86.ActiveCfg = Release|Win32
		{F5A14BB8-F100-4E7C-852F-CE26F8B0D3FB}.Release|x86.Build.0 = Release|Win32
		{4163C4D5-1EED-445D-AE3A-2E832505E7BA}.Debug|x64.ActiveCfg = Debug|x64
		{4163C4D5-1EED-445D-AE3A-2E832505E7BA}.Debug|x64.Build.0 = Debug|x64
		{4163C4D5-1EED-445D-AE3A-2E832505E7BA}.Debug|x86.ActiveCfg = Debug|Win32
		{4163C4D5-1EED-445D-AE3A-2E832505E7BA}.Debug|x86.Build.0 = Debug|Win32
		{4163C4D5-1EED-445D-AE3A-2E832505E7BA}.Release|x64.ActiveCfg = Release|x64
		{4163C4D5-1EED-445D-AE3A-2E832505E7BA}.Release|x64.Build.0 = Release|x64
		{4163C4D5-1EED-445D-AE3A-2E832505E7BA}.Release|x86.ActiveCfg = Release|Win32
		{4163C4D5-1EED-445D-AE3A-2E832505E7BA}.Release|x86.Build.0 = Release|Win32
		{215237B3-4919-4AF7-8425-C0727D5FD770}.Debug|x64.ActiveCfg = Debug|x64
		{215237B3-4919-4AF7-8425-C0727D5FD770}.Debug|x64.Build.0 = Debug|x64
		{215237B3-4919-4AF7-8425-C0727D5FD770}.Debug|x86.ActiveCfg = Debug|Win32
		{215237B3-4919-4AF7-8425-C0727D5FD770}.Debug|x86.Build.0 = Debug|Win32
		{215237B3-4919-4AF7-8425-C0727D5FD770}.Release|x64.ActiveCfg = Release|x64
		{215237B3-4919-4AF7-8425-C0727D5FD770}.Release|x64.Build.0 = Release|x64
		{215237B3-4919-4AF7-8425-C0727D5FD770}.Release|x86.ActiveCfg = Release|Win32
		{215237B3-4919-4AF7-8425-C0727D5FD770}.Release|x86.Build.0 = Release|Win32
		{D1194252-3B6D-4780-BE29-46C0AF549F6F}.Debug|x64.ActiveCfg = Debug|x64
		{D1194252-3B6D-4780-BE29-46C0AF549F6F}.Debug|x64.Build.0 = Debug|x64
		{D1194252-3B6D-4780-BE29-46C0AF549F6F}.Debug|x86.ActiveCfg = Debug|Win32
		{D1194252-3B6D-4780-BE29-46C0AF549F6F}.Debug|x86.Build.0 = Debug|Win32
		{D1194252-3B6D-4780-BE29-46C0AF549F6F}.Release|x64.ActiveCfg = Release|x64
		{D1194252-3B6D-4780-BE29-46C0AF549F6F}.Release|x64.Build.0 = Release|x64
		{D1194252-3B6D-4780-BE29-46C0AF549F6F}.Release|x86.ActiveCfg = Release|Win32
		{D1194252-3B6D-4780-BE29-46C0AF549F6F}.Release|x86.Build.0 = Release|Win32
		{51CEF176-3765-4826-8A61-00A34FFC5486}.Debug|x64.ActiveCfg = Debug|x64
		{51CEF176-3765-4826-8A61-00A34FFC5486}.Debug|x64.Build.0 = Debug|x64
		{51CEF176-3765-4826-8A61-00A34FFC5486}.Debug|x86.ActiveCfg = Debug|Win32
		{51CEF176-3765-4826-8A61-00A34FFC5486}.Debug|x86.Build.0 = Debug|Win32
		{51CEF176-3765-4826-8A61-00A34FFC5486}.Release|x64.ActiveCfg = Release|x64
		{51CEF176-3765-4826-8A61-00A34FFC5486}.Release|x64.Build.0 = Release|x64
		{51CEF176-3765-4826-8A61-00A34FFC5486}.Release|x86.ActiveCfg = Release|Win32
		{51CEF176-3765-4826-8A61-00A34FFC5486}.Release|x86.Build.0 = Release|Win32
		{9F2F3069-8DD3-47F8-BBF3-24F7A7FF91C8}.Debug|x64.ActiveCfg = Debug|x64
		{9F2F3069-8DD3-47F8-BBF3-24F7A7FF91C8}.Debug|x64.Build.0 = Debug|x64
		{9F2F3069-8DD3-47F8-BBF3-24F7A7FF91C8}.Debug|x86.ActiveCfg = Debug|Win32
		{9F2F3069-8DD3-47F8-BBF3-24F7A7FF91C8}.Debug|x86.Build.0 = Debug|Win32
		{9F2F3069-8DD3-47F8-BBF3-24F7A7FF91C8}.Release|x64.ActiveCfg = Release|x64
		{9F2F3069-8DD3-47F8-BBF3-24F7A7FF91C8}.Release|x64.Build.0 = Release|x64
		{9F2F3069-8DD3-47F8-BBF3-24F7A7FF91C8}.Release|x86.ActiveCfg = Release|Win32
		{9F2F3069-8DD3-47F8-BBF3-24F7A7FF91C8}.Release|x86.Build.0 = Release|Win32
		{127339A3-940B-403A-AE16-12713EFFCB48}.Debug|x64.ActiveCfg = Debug|x64
		{127339A3-940B-403A-AE16-12713EFFCB48}.Debug|x64.Build.0 = Debug|x64
		{127339A3-940B-403A-AE16-12713EFFCB48}.Debug|x86.ActiveCfg = Debug|Win32
		{127339A3-940B-403A-AE16-12713EFFCB48}.Debug|x86.Build.0 = Debug|Win32
		{127339A3-940B-403A-AE16-12713EFFCB48}.Release|x64.ActiveCfg = Release|x64
		{127339A3-940B-403A-AE16-12713EFFCB48}.Release|x64.Build.0 = Release|x64
		{127339A3-940B-403A-AE16-12713EFFCB48}.Release|x86.ActiveCfg = Release|Win32
		{127339A3-940B-403A-AE16-12713EFFCB48}.Release|x86.Build.0 = Release|Win32
		{08D569F3-ADE3-4AF7-A0AE-29DFC4DE1E39}.Debug|x64.ActiveCfg = Debug|x64
		{08D569F3-ADE3-4AF7-A0AE-29DFC4DE1E39}.Debug|x64.Build.0 = Debug|x64
		{08D569F3-ADE3-4AF7-A0AE-29DFC4DE1E39}.Debug|x86.ActiveCfg = Debug|Win32
		{08D569F3-ADE3-4AF7-A0AE-29DFC4DE1E39}.Debug|x86.Build.0 = Debug|Win32
		{08D569F3-ADE3-4AF7-A0AE-29DFC4DE1E39}.Release|x64.ActiveCfg = Release|x64
		{08D569F3-ADE3-4AF7-A0AE-29DFC4DE1E39}.Release|x64.Build.0 = Release|x64
		{08D569F3-ADE3-4AF7-A0AE-29DFC4DE1E39}.Release|x86.ActiveCfg = Release|Win32
		{08D569F3-ADE3-4AF7-A0AE-29DFC4DE1E39}.Release|x86.Build.0 = Release|Win32
		{94514A31-1067-4FDA-915F-72EC657DC478}.Debug|x64.ActiveCfg = Debug|x64
		{94514A31-1067-4FDA-915F-72EC657DC478}.Debug|x64.Build.0 = Debug|x64
		{94514A31-1067-4FDA-915F-72EC657DC478}.Debug|x86.ActiveCfg = Debug|Win32
		{94514A31-1067-4FDA-915F-72EC657DC478}.Debug|x86.Build.0 = Debug|Win32
		{94514A31-1067-4FDA-915F-72EC657DC478}.Release|x64.ActiveCfg = Release|x64
		{94514A31-1067-4FDA-915F-72EC657DC478}.Release|x64.Build.0 = Release|x64
		{94514A31-1067-4FDA-915F-72EC657DC478}.Release|x86.ActiveCfg = Release|Win32
		{94514A31-1067-4FDA-915F-72EC657DC478}.Release|x86.Build.0 = Release|Win32
		{07F7BA0D-E0F3-422E-B23D-E812F69AB973}.Debug|x64.ActiveCfg = Debug|x64
		{07F7BA0D-E0F3-422E-B23D-E812F69AB973}.Debug|x64.Build.0 = Debug|x64
		{07F7BA0D-E0F3-422E-B23D-E812F69AB973}.Debug|x86.ActiveCfg = Debug|Win32
		{07F7BA0D-E0F3-422E-B23D-E812F69AB973}.Debug|x86.Build.0 = Debug|Win32
		{07F7BA0D-E0F3-422E-B23D-E812F69AB973}.Release|x64.ActiveCfg = Release|x64
		{07F7BA0D-E0F3-422E-B23D-E812F69AB973}.Release|x64.Build.0 = Release|x64
		{07F7BA0D-E0F3-422E-B23D-E812F69AB973}.Release|x86.ActiveCfg = Release|Win32
		{07F7BA0D-E0F3-422E-B23D-E812F69AB973}.Release|x86.Build.0 = Release|Win32
		{74675DCA-9E6F-44BA-BBAC-E12457397613}.Debug|x64.ActiveCfg = Debug|x64
		{74675DCA-9E6F-44BA-BBAC-E12457397613}.Debug|x64.Build.0 = Debug|x64
		{74675DCA-9E6F-44BA-BBAC-E12457397613}.Debug|x86.ActiveCfg = Debug|Win32
		{74675DCA-9E6F-44BA-BBAC-E12457397613}.Debug|x86.Build.0 = Debug|Win32
		{74675DCA-9E6F-44BA-BBAC-E12457397613}.Release|x64.ActiveCfg = Release|x64
		{74675DCA-9E6F-44BA-BBAC-E12457397613}.Release|x64.Build.0 = Release|x64
		{74675DCA-9E6F-44BA-BBAC-E12457397613}.Release|x86.ActiveCfg = Release|Win32
		{74675DCA-9E6F-44BA-BBAC-E12457397613}.Release|x86.Build.0 = Release|Win32
	EndGlobalSection
	GlobalSection(SolutionProperties) = preSolution
		HideSolutionNode = FALSE
	EndGlobalSection
	GlobalSection(NestedProjects) = preSolution
		{D993DE10-A6B7-4A86-94E5-4DDCEA32BE8E} = {C8D5274F-AC00-46C7-1F8D-E88E81087A52}
		{3B0A19F6-E3E6-450C-B44E-DDFB172CB0EA} = {C8D5274F-AC00-46C7-1F8D-E88E81087A52}
		{C1B98606-B128-421F-8D3B-E1B022261627} = {C8D5274F-AC00-46C7-1F8D-E88E81087A52}
		{17E666F0-4E07-4D72-9E07-04471333AC12} = {C8D5274F-AC00-46C7-1F8D-E88E81087A52}
		{127339A3-940B-403A-AE16-12713EFFCB48} = {7781621E-D8DD-4BD5-A09A-DEB8E5843FCD}
		{08D569F3-ADE3-4AF7-A0AE-29DFC4DE1E39} = {7781621E-D8DD-4BD5-A09A-DEB8E5843FCD}
		{94514A31-1067-4FDA-915F-72EC657DC478} = {7781621E-D8DD-4BD5-A09A-DEB8E5843FCD}
		{07F7BA0D-E0F3-422E-B23D-E812F69AB973} = {7781621E-D8DD-4BD5-A09A-DEB8E5843FCD}
		{74675DCA-9E6F-44BA-BBAC-E12457397613} = {7781621E-D8DD-4BD5-A09A-DEB8E5843FCD}
	EndGlobalSection
	GlobalSection(ExtensibilityGlobals) = postSolution
		SolutionGuid = {3B84B3A9-0D6D-43AF-B12F-BD0A41721FE0}
	EndGlobalSection
	GlobalSection(SharedMSBuildProjectFiles) = preSolution
		00.cmdGameEngine\00_01_cmdCommon\cmdCommon.vcxitems*{07f7ba0d-e0f3-422e-b23d-e812f69ab973}*SharedItemsImports = 4
		00.cmdGameEngine\00_02_cmdUI\cmdUI.vcxitems*{07f7ba0d-e0f3-422e-b23d-e812f69ab973}*SharedItemsImports = 4
		00.cmdGameEngine\00_03_cmdUtil\cmdUtil.vcxitems*{07f7ba0d-e0f3-422e-b23d-e812f69ab973}*SharedItemsImports = 4
		00.cmdGameEngine\00_01_cmdCommon\cmdCommon.vcxitems*{08d569f3-ade3-4af7-a0ae-29dfc4de1e39}*SharedItemsImports = 4
		00.cmdGameEngine\00_02_cmdUI\cmdUI.vcxitems*{08d569f3-ade3-4af7-a0ae-29dfc4de1e39}*SharedItemsImports = 4
		00.cmdGameEngine\00_03_cmdUtil\cmdUtil.vcxitems*{08d569f3-ade3-4af7-a0ae-29dfc4de1e39}*SharedItemsImports = 4
		00.cmdGameEngine\00_01_cmdCommon\cmdCommon.vcxitems*{127339a3-940b-403a-ae16-12713effcb48}*SharedItemsImports = 4
		00.cmdGameEngine\00_01_cmdCommon\cmdCommon.vcxitems*{17e666f0-4e07-4d72-9e07-04471333ac12}*SharedItemsImports = 9
		00.cmdGameEngine\00_03_cmdUtil\cmdUtil.vcxitems*{3b0a19f6-e3e6-450c-b44e-ddfb172cb0ea}*SharedItemsImports = 9
		00.cmdGameEngine\00_01_cmdCommon\cmdCommon.vcxitems*{4163c4d5-1eed-445d-ae3a-2e832505e7ba}*SharedItemsImports = 4
		00.cmdGameEngine\00_02_cmdUI\cmdUI.vcxitems*{4163c4d5-1eed-445d-ae3a-2e832505e7ba}*SharedItemsImports = 4
		00.cmdGameEngine\00_03_cmdUtil\cmdUtil.vcxitems*{4163c4d5-1eed-445d-ae3a-2e832505e7ba}*SharedItemsImports = 4
		00.cmdGameEngine\00_01_cmdCommon\cmdCommon.vcxitems*{74675dca-9e6f-44ba-bbac-e12457397613}*SharedItemsImports = 4
		00.cmdGameEngine\00_02_cmdUI\cmdUI.vcxitems*{74675dca-9e6f-44ba-bbac-e12457397613}*SharedItemsImports = 4
		00.cmdGameEngine\00_03_cmdUtil\cmdUtil.vcxitems*{74675dca-9e6f-44ba-bbac-e12457397613}*SharedItemsImports = 4
		00.cmdGameEngine\00_02_cmdUI\cmdUI.vcxitems*{901a6f0a-d424-4e93-962a-d98ae270b5d5}*SharedItemsImports = 4
		00.cmdGameEngine\00_03_cmdUtil\cmdUtil.vcxitems*{901a6f0a-d424-4e93-962a-d98ae270b5d5}*SharedItemsImports = 4
		00.cmdGameEngine\00_01_cmdCommon\cmdCommon.vcxitems*{94514a31-1067-4fda-915f-72ec657dc478}*SharedItemsImports = 4
		00.cmdGameEngine\fmodSound_Lib\fmodSound.vcxitems*{c1b98606-b128-421f-8d3b-e1b022261627}*SharedItemsImports = 9
		00.cmdGameEngine\00_01_cmdCommon\cmdCommon.vcxitems*{d1194252-3b6d-4780-be29-46c0af549f6f}*SharedItemsImports = 4
		00.cmdGameEngine\00_02_cmdUI\cmdUI.vcxitems*{d1194252-3b6d-4780-be29-46c0af549f6f}*SharedItemsImports = 4
		00.cmdGameEngine\00_03_cmdUtil\cmdUtil.vcxitems*{d1194252-3b6d-4780-be29-46c0af549f6f}*SharedItemsImports = 4
		00.cmdGameEngine\00_02_cmdUI\cmdUI.vcxitems*{d993de10-a6b7-4a86-94e5-4ddcea32be8e}*SharedItemsImports = 9
	EndGlobalSection
EndGlobal
